
Microsoft Visual Studio Solution File, Format Version 12.00
# Visual Studio Version 17
VisualStudioVersion = 17.9.34622.214
MinimumVisualStudioVersion = 10.0.40219.1
Project("{9A19103F-16F7-4668-BE54-9A1E7A4F7556}") = "Stakeholders", "Stakeholders\Stakeholders.csproj", "{9BD4C75D-28A0-409E-9A3F-5F7BE2CF4902}"
EndProject
Project("{9A19103F-16F7-4668-BE54-9A1E7A4F7556}") = "Infrastructure", "Infrastructure\Infrastructure.csproj", "{C6E9EE78-AD69-44AD-A872-ED743F4BDCC1}"
EndProject
Project("{FAE04EC0-301F-11D3-BF4B-00C04F79EFBC}") = "Core", "Core\Core.csproj", "{793F4AA5-6C27-49D7-8FC7-3CDDC202EF28}"
EndProject
Global
	GlobalSection(SolutionConfigurationPlatforms) = preSolution
		Debug|Any CPU = Debug|Any CPU
		Release|Any CPU = Release|Any CPU
	EndGlobalSection
	GlobalSection(ProjectConfigurationPlatforms) = postSolution
		{9BD4C75D-28A0-409E-9A3F-5F7BE2CF4902}.Debug|Any CPU.ActiveCfg = Debug|Any CPU
		{9BD4C75D-28A0-409E-9A3F-5F7BE2CF4902}.Debug|Any CPU.Build.0 = Debug|Any CPU
		{9BD4C75D-28A0-409E-9A3F-5F7BE2CF4902}.Release|Any CPU.ActiveCfg = Release|Any CPU
		{9BD4C75D-28A0-409E-9A3F-5F7BE2CF4902}.Release|Any CPU.Build.0 = Release|Any CPU
		{C6E9EE78-AD69-44AD-A872-ED743F4BDCC1}.Debug|Any CPU.ActiveCfg = Debug|Any CPU
		{C6E9EE78-AD69-44AD-A872-ED743F4BDCC1}.Debug|Any CPU.Build.0 = Debug|Any CPU
		{C6E9EE78-AD69-44AD-A872-ED743F4BDCC1}.Release|Any CPU.ActiveCfg = Release|Any CPU
		{C6E9EE78-AD69-44AD-A872-ED743F4BDCC1}.Release|Any CPU.Build.0 = Release|Any CPU
		{793F4AA5-6C27-49D7-8FC7-3CDDC202EF28}.Debug|Any CPU.ActiveCfg = Debug|Any CPU
		{793F4AA5-6C27-49D7-8FC7-3CDDC202EF28}.Debug|Any CPU.Build.0 = Debug|Any CPU
		{793F4AA5-6C27-49D7-8FC7-3CDDC202EF28}.Release|Any CPU.ActiveCfg = Release|Any CPU
		{793F4AA5-6C27-49D7-8FC7-3CDDC202EF28}.Release|Any CPU.Build.0 = Release|Any CPU
	EndGlobalSection
	GlobalSection(SolutionProperties) = preSolution
		HideSolutionNode = FALSE
	EndGlobalSection
	GlobalSection(ExtensibilityGlobals) = postSolution
		SolutionGuid = {F8F910A9-CAE0-4145-8237-04ACE9725F7C}
	EndGlobalSection
EndGlobal
